
Microsoft Visual Studio Solution File, Format Version 12.00
# Visual Studio Version 16
VisualStudioVersion = 16.0.30907.101
MinimumVisualStudioVersion = 10.0.40219.1
Project("{9A19103F-16F7-4668-BE54-9A1E7A4F7556}") = "KampOOP1", "Kamp\KampOOP1.csproj", "{5E747C8C-8992-466D-A662-9C423D4B1599}"
EndProject
Project("{9A19103F-16F7-4668-BE54-9A1E7A4F7556}") = "Koleksiyonlar", "Koleksiyonlar\Koleksiyonlar.csproj", "{178F9B7D-9B6A-4B8C-8283-B4B7BAB5928D}"
EndProject
Project("{9A19103F-16F7-4668-BE54-9A1E7A4F7556}") = "GenericsIntro", "GenericsIntro\GenericsIntro.csproj", "{4D908D3F-8DFB-4BFC-BECD-D5BCCDCBDFF7}"
EndProject
Project("{FAE04EC0-301F-11D3-BF4B-00C04F79EFBC}") = "OOP2", "OOP2\OOP2.csproj", "{2976D7FC-CF5F-4080-A1FB-93A747EEAE32}"
EndProject
Project("{FAE04EC0-301F-11D3-BF4B-00C04F79EFBC}") = "OOP3", "OOP3\OOP3.csproj", "{6F2E4F1E-8B62-4E84-B583-664746473ED4}"
EndProject
Global
	GlobalSection(SolutionConfigurationPlatforms) = preSolution
		Debug|Any CPU = Debug|Any CPU
		Release|Any CPU = Release|Any CPU
	EndGlobalSection
	GlobalSection(ProjectConfigurationPlatforms) = postSolution
		{5E747C8C-8992-466D-A662-9C423D4B1599}.Debug|Any CPU.ActiveCfg = Debug|Any CPU
		{5E747C8C-8992-466D-A662-9C423D4B1599}.Debug|Any CPU.Build.0 = Debug|Any CPU
		{5E747C8C-8992-466D-A662-9C423D4B1599}.Release|Any CPU.ActiveCfg = Release|Any CPU
		{5E747C8C-8992-466D-A662-9C423D4B1599}.Release|Any CPU.Build.0 = Release|Any CPU
		{178F9B7D-9B6A-4B8C-8283-B4B7BAB5928D}.Debug|Any CPU.ActiveCfg = Debug|Any CPU
		{178F9B7D-9B6A-4B8C-8283-B4B7BAB5928D}.Debug|Any CPU.Build.0 = Debug|Any CPU
		{178F9B7D-9B6A-4B8C-8283-B4B7BAB5928D}.Release|Any CPU.ActiveCfg = Release|Any CPU
		{178F9B7D-9B6A-4B8C-8283-B4B7BAB5928D}.Release|Any CPU.Build.0 = Release|Any CPU
		{4D908D3F-8DFB-4BFC-BECD-D5BCCDCBDFF7}.Debug|Any CPU.ActiveCfg = Debug|Any CPU
		{4D908D3F-8DFB-4BFC-BECD-D5BCCDCBDFF7}.Debug|Any CPU.Build.0 = Debug|Any CPU
		{4D908D3F-8DFB-4BFC-BECD-D5BCCDCBDFF7}.Release|Any CPU.ActiveCfg = Release|Any CPU
		{4D908D3F-8DFB-4BFC-BECD-D5BCCDCBDFF7}.Release|Any CPU.Build.0 = Release|Any CPU
		{2976D7FC-CF5F-4080-A1FB-93A747EEAE32}.Debug|Any CPU.ActiveCfg = Debug|Any CPU
		{2976D7FC-CF5F-4080-A1FB-93A747EEAE32}.Debug|Any CPU.Build.0 = Debug|Any CPU
		{2976D7FC-CF5F-4080-A1FB-93A747EEAE32}.Release|Any CPU.ActiveCfg = Release|Any CPU
		{2976D7FC-CF5F-4080-A1FB-93A747EEAE32}.Release|Any CPU.Build.0 = Release|Any CPU
		{6F2E4F1E-8B62-4E84-B583-664746473ED4}.Debug|Any CPU.ActiveCfg = Debug|Any CPU
		{6F2E4F1E-8B62-4E84-B583-664746473ED4}.Debug|Any CPU.Build.0 = Debug|Any CPU
		{6F2E4F1E-8B62-4E84-B583-664746473ED4}.Release|Any CPU.ActiveCfg = Release|Any CPU
		{6F2E4F1E-8B62-4E84-B583-664746473ED4}.Release|Any CPU.Build.0 = Release|Any CPU
	EndGlobalSection
	GlobalSection(SolutionProperties) = preSolution
		HideSolutionNode = FALSE
	EndGlobalSection
	GlobalSection(ExtensibilityGlobals) = postSolution
		SolutionGuid = {D79DB8F9-CDEC-4AB4-B609-77CDDE793EEC}
	EndGlobalSection
EndGlobal
